
Microsoft Visual Studio Solution File, Format Version 12.00
# Visual Studio Version 17
VisualStudioVersion = 17.2.32630.192
MinimumVisualStudioVersion = 10.0.40219.1
Project("{2150E333-8FDC-42A3-9474-1A3956D46DE8}") = "src", "src", "{3C03871C-7E7C-4026-9D02-EB4564E58F91}"
EndProject
Project("{2150E333-8FDC-42A3-9474-1A3956D46DE8}") = "AdWeb", "AdWeb", "{1CD2573A-ECE7-4902-9689-B6BE2E6D7A70}"
EndProject
Project("{2150E333-8FDC-42A3-9474-1A3956D46DE8}") = "Hosts", "Hosts", "{0EBB83B5-E21B-4098-AB3A-6D674804A6EF}"
EndProject
Project("{9A19103F-16F7-4668-BE54-9A1E7A4F7556}") = "AdWeb.Api", "src\AdWeb\Hosts\AdWeb.Api\AdWeb.Api.csproj", "{E731AF58-356C-4333-9166-BF0AB20155D3}"
EndProject
Project("{2150E333-8FDC-42A3-9474-1A3956D46DE8}") = "Contracts", "Contracts", "{151B5B17-8293-41E3-A274-854ACC733291}"
EndProject
Project("{9A19103F-16F7-4668-BE54-9A1E7A4F7556}") = "AdWeb.Contracts", "src\AdWeb\Contracts\AdWeb.Contracts\AdWeb.Contracts.csproj", "{BDEC8245-976A-4385-BD1F-15DF16B32FFD}"
EndProject
Project("{2150E333-8FDC-42A3-9474-1A3956D46DE8}") = "Domain", "Domain", "{942014B7-E52F-47C4-A686-DE72D9FF0C52}"
EndProject
Project("{9A19103F-16F7-4668-BE54-9A1E7A4F7556}") = "AdWeb.Domain", "src\AdWeb\Domain\AdWeb.Domain\AdWeb.Domain.csproj", "{366C0A0F-79DA-40FF-940B-04E0383DE6FA}"
EndProject
Project("{2150E333-8FDC-42A3-9474-1A3956D46DE8}") = "Infrastructure", "Infrastructure", "{D0B89622-8A3A-43B2-B50B-76C1A4F5C78F}"
EndProject
Project("{9A19103F-16F7-4668-BE54-9A1E7A4F7556}") = "AdWeb.DataAccess", "src\AdWeb\Infrastructure\AdWeb.DataAccess\AdWeb.DataAccess.csproj", "{F3D110D0-CFF7-4692-9B8F-D1395B9E9086}"
EndProject
Project("{9A19103F-16F7-4668-BE54-9A1E7A4F7556}") = "AdWeb.Registerer", "src\AdWeb\Infrastructure\AdWeb.Registerer\AdWeb.Registerer.csproj", "{A3DD2A20-7E30-41A2-9BBD-3970FC32ADD2}"
EndProject
Project("{9A19103F-16F7-4668-BE54-9A1E7A4F7556}") = "AdWeb.Migrations", "src\AdWeb\Infrastructure\AdWeb.Migrations\AdWeb.Migrations.csproj", "{3F26A4F7-CDEB-424E-857B-0C50519DEBB4}"
EndProject
Project("{9A19103F-16F7-4668-BE54-9A1E7A4F7556}") = "AdWeb.Infrastructure", "src\AdWeb\Infrastructure\AdWeb.Infrastructure\AdWeb.Infrastructure.csproj", "{EFC7E09D-2388-486B-A84C-C1127B0C8261}"
EndProject
Project("{2150E333-8FDC-42A3-9474-1A3956D46DE8}") = "Application", "Application", "{9F55A590-3B91-4406-A1C7-C1AD53046CD5}"
EndProject
Project("{9A19103F-16F7-4668-BE54-9A1E7A4F7556}") = "AdWeb.AppServices", "src\AdWeb\Application\AdWeb.AppServices\AdWeb.AppServices.csproj", "{A5FFA847-A923-407C-BE65-E0FCAC4BD14A}"
EndProject
Global
	GlobalSection(SolutionConfigurationPlatforms) = preSolution
		Debug|Any CPU = Debug|Any CPU
		Release|Any CPU = Release|Any CPU
	EndGlobalSection
	GlobalSection(ProjectConfigurationPlatforms) = postSolution
		{E731AF58-356C-4333-9166-BF0AB20155D3}.Debug|Any CPU.ActiveCfg = Debug|Any CPU
		{E731AF58-356C-4333-9166-BF0AB20155D3}.Debug|Any CPU.Build.0 = Debug|Any CPU
		{E731AF58-356C-4333-9166-BF0AB20155D3}.Release|Any CPU.ActiveCfg = Release|Any CPU
		{E731AF58-356C-4333-9166-BF0AB20155D3}.Release|Any CPU.Build.0 = Release|Any CPU
		{BDEC8245-976A-4385-BD1F-15DF16B32FFD}.Debug|Any CPU.ActiveCfg = Debug|Any CPU
		{BDEC8245-976A-4385-BD1F-15DF16B32FFD}.Debug|Any CPU.Build.0 = Debug|Any CPU
		{BDEC8245-976A-4385-BD1F-15DF16B32FFD}.Release|Any CPU.ActiveCfg = Release|Any CPU
		{BDEC8245-976A-4385-BD1F-15DF16B32FFD}.Release|Any CPU.Build.0 = Release|Any CPU
		{366C0A0F-79DA-40FF-940B-04E0383DE6FA}.Debug|Any CPU.ActiveCfg = Debug|Any CPU
		{366C0A0F-79DA-40FF-940B-04E0383DE6FA}.Debug|Any CPU.Build.0 = Debug|Any CPU
		{366C0A0F-79DA-40FF-940B-04E0383DE6FA}.Release|Any CPU.ActiveCfg = Release|Any CPU
		{366C0A0F-79DA-40FF-940B-04E0383DE6FA}.Release|Any CPU.Build.0 = Release|Any CPU
		{F3D110D0-CFF7-4692-9B8F-D1395B9E9086}.Debug|Any CPU.ActiveCfg = Debug|Any CPU
		{F3D110D0-CFF7-4692-9B8F-D1395B9E9086}.Debug|Any CPU.Build.0 = Debug|Any CPU
		{F3D110D0-CFF7-4692-9B8F-D1395B9E9086}.Release|Any CPU.ActiveCfg = Release|Any CPU
		{F3D110D0-CFF7-4692-9B8F-D1395B9E9086}.Release|Any CPU.Build.0 = Release|Any CPU
		{A3DD2A20-7E30-41A2-9BBD-3970FC32ADD2}.Debug|Any CPU.ActiveCfg = Debug|Any CPU
		{A3DD2A20-7E30-41A2-9BBD-3970FC32ADD2}.Debug|Any CPU.Build.0 = Debug|Any CPU
		{A3DD2A20-7E30-41A2-9BBD-3970FC32ADD2}.Release|Any CPU.ActiveCfg = Release|Any CPU
		{A3DD2A20-7E30-41A2-9BBD-3970FC32ADD2}.Release|Any CPU.Build.0 = Release|Any CPU
		{3F26A4F7-CDEB-424E-857B-0C50519DEBB4}.Debug|Any CPU.ActiveCfg = Debug|Any CPU
		{3F26A4F7-CDEB-424E-857B-0C50519DEBB4}.Debug|Any CPU.Build.0 = Debug|Any CPU
		{3F26A4F7-CDEB-424E-857B-0C50519DEBB4}.Release|Any CPU.ActiveCfg = Release|Any CPU
		{3F26A4F7-CDEB-424E-857B-0C50519DEBB4}.Release|Any CPU.Build.0 = Release|Any CPU
		{EFC7E09D-2388-486B-A84C-C1127B0C8261}.Debug|Any CPU.ActiveCfg = Debug|Any CPU
		{EFC7E09D-2388-486B-A84C-C1127B0C8261}.Debug|Any CPU.Build.0 = Debug|Any CPU
		{EFC7E09D-2388-486B-A84C-C1127B0C8261}.Release|Any CPU.ActiveCfg = Release|Any CPU
		{EFC7E09D-2388-486B-A84C-C1127B0C8261}.Release|Any CPU.Build.0 = Release|Any CPU
		{A5FFA847-A923-407C-BE65-E0FCAC4BD14A}.Debug|Any CPU.ActiveCfg = Debug|Any CPU
		{A5FFA847-A923-407C-BE65-E0FCAC4BD14A}.Debug|Any CPU.Build.0 = Debug|Any CPU
		{A5FFA847-A923-407C-BE65-E0FCAC4BD14A}.Release|Any CPU.ActiveCfg = Release|Any CPU
		{A5FFA847-A923-407C-BE65-E0FCAC4BD14A}.Release|Any CPU.Build.0 = Release|Any CPU
	EndGlobalSection
	GlobalSection(SolutionProperties) = preSolution
		HideSolutionNode = FALSE
	EndGlobalSection
	GlobalSection(NestedProjects) = preSolution
		{1CD2573A-ECE7-4902-9689-B6BE2E6D7A70} = {3C03871C-7E7C-4026-9D02-EB4564E58F91}
		{0EBB83B5-E21B-4098-AB3A-6D674804A6EF} = {1CD2573A-ECE7-4902-9689-B6BE2E6D7A70}
		{E731AF58-356C-4333-9166-BF0AB20155D3} = {0EBB83B5-E21B-4098-AB3A-6D674804A6EF}
		{151B5B17-8293-41E3-A274-854ACC733291} = {1CD2573A-ECE7-4902-9689-B6BE2E6D7A70}
		{BDEC8245-976A-4385-BD1F-15DF16B32FFD} = {151B5B17-8293-41E3-A274-854ACC733291}
		{942014B7-E52F-47C4-A686-DE72D9FF0C52} = {1CD2573A-ECE7-4902-9689-B6BE2E6D7A70}
		{366C0A0F-79DA-40FF-940B-04E0383DE6FA} = {942014B7-E52F-47C4-A686-DE72D9FF0C52}
		{D0B89622-8A3A-43B2-B50B-76C1A4F5C78F} = {1CD2573A-ECE7-4902-9689-B6BE2E6D7A70}
		{F3D110D0-CFF7-4692-9B8F-D1395B9E9086} = {D0B89622-8A3A-43B2-B50B-76C1A4F5C78F}
		{A3DD2A20-7E30-41A2-9BBD-3970FC32ADD2} = {D0B89622-8A3A-43B2-B50B-76C1A4F5C78F}
		{3F26A4F7-CDEB-424E-857B-0C50519DEBB4} = {D0B89622-8A3A-43B2-B50B-76C1A4F5C78F}
		{EFC7E09D-2388-486B-A84C-C1127B0C8261} = {D0B89622-8A3A-43B2-B50B-76C1A4F5C78F}
		{9F55A590-3B91-4406-A1C7-C1AD53046CD5} = {1CD2573A-ECE7-4902-9689-B6BE2E6D7A70}
		{A5FFA847-A923-407C-BE65-E0FCAC4BD14A} = {9F55A590-3B91-4406-A1C7-C1AD53046CD5}
	EndGlobalSection
	GlobalSection(ExtensibilityGlobals) = postSolution
		SolutionGuid = {A0558F81-961C-4652-81FE-1141D1B38AC0}
	EndGlobalSection
EndGlobal
